
Microsoft Visual Studio Solution File, Format Version 12.00
# Visual Studio 15
VisualStudioVersion = 15.0.27130.2003
MinimumVisualStudioVersion = 10.0.40219.1
Project("{9A19103F-16F7-4668-BE54-9A1E7A4F7556}") = "BankApp", "BankApp\BankApp.csproj", "{BC6050A7-CBB7-4F19-9C73-3149EBAF44DC}"
EndProject
Project("{9A19103F-16F7-4668-BE54-9A1E7A4F7556}") = "BankApp.Domain", "BankApp.Domain\BankApp.Domain.csproj", "{FFF6ABB2-1780-4230-91D7-1AA5D1771538}"
EndProject
Project("{9A19103F-16F7-4668-BE54-9A1E7A4F7556}") = "BankApp.DAL", "BankApp.DAL\BankApp.DAL.csproj", "{61D6F973-97FE-4A92-8F22-C4FEE453765C}"
EndProject
Project("{FAE04EC0-301F-11D3-BF4B-00C04F79EFBC}") = "BankApp.BLL", "BankApp.BLL\BankApp.BLL.csproj", "{57185D6B-1698-4854-B07F-A578553EA7E8}"
EndProject
Project("{FAE04EC0-301F-11D3-BF4B-00C04F79EFBC}") = "BankApp.DTO", "BankApp.DTO\BankApp.DTO.csproj", "{26BC2B5A-52DA-4A95-964A-B30CE76F8B15}"
EndProject
Global
	GlobalSection(SolutionConfigurationPlatforms) = preSolution
		Debug|Any CPU = Debug|Any CPU
		Release|Any CPU = Release|Any CPU
	EndGlobalSection
	GlobalSection(ProjectConfigurationPlatforms) = postSolution
		{BC6050A7-CBB7-4F19-9C73-3149EBAF44DC}.Debug|Any CPU.ActiveCfg = Debug|Any CPU
		{BC6050A7-CBB7-4F19-9C73-3149EBAF44DC}.Debug|Any CPU.Build.0 = Debug|Any CPU
		{BC6050A7-CBB7-4F19-9C73-3149EBAF44DC}.Release|Any CPU.ActiveCfg = Release|Any CPU
		{BC6050A7-CBB7-4F19-9C73-3149EBAF44DC}.Release|Any CPU.Build.0 = Release|Any CPU
		{FFF6ABB2-1780-4230-91D7-1AA5D1771538}.Debug|Any CPU.ActiveCfg = Debug|Any CPU
		{FFF6ABB2-1780-4230-91D7-1AA5D1771538}.Debug|Any CPU.Build.0 = Debug|Any CPU
		{FFF6ABB2-1780-4230-91D7-1AA5D1771538}.Release|Any CPU.ActiveCfg = Release|Any CPU
		{FFF6ABB2-1780-4230-91D7-1AA5D1771538}.Release|Any CPU.Build.0 = Release|Any CPU
		{61D6F973-97FE-4A92-8F22-C4FEE453765C}.Debug|Any CPU.ActiveCfg = Debug|Any CPU
		{61D6F973-97FE-4A92-8F22-C4FEE453765C}.Debug|Any CPU.Build.0 = Debug|Any CPU
		{61D6F973-97FE-4A92-8F22-C4FEE453765C}.Release|Any CPU.ActiveCfg = Release|Any CPU
		{61D6F973-97FE-4A92-8F22-C4FEE453765C}.Release|Any CPU.Build.0 = Release|Any CPU
		{57185D6B-1698-4854-B07F-A578553EA7E8}.Debug|Any CPU.ActiveCfg = Debug|Any CPU
		{57185D6B-1698-4854-B07F-A578553EA7E8}.Debug|Any CPU.Build.0 = Debug|Any CPU
		{57185D6B-1698-4854-B07F-A578553EA7E8}.Release|Any CPU.ActiveCfg = Release|Any CPU
		{57185D6B-1698-4854-B07F-A578553EA7E8}.Release|Any CPU.Build.0 = Release|Any CPU
		{26BC2B5A-52DA-4A95-964A-B30CE76F8B15}.Debug|Any CPU.ActiveCfg = Debug|Any CPU
		{26BC2B5A-52DA-4A95-964A-B30CE76F8B15}.Debug|Any CPU.Build.0 = Debug|Any CPU
		{26BC2B5A-52DA-4A95-964A-B30CE76F8B15}.Release|Any CPU.ActiveCfg = Release|Any CPU
		{26BC2B5A-52DA-4A95-964A-B30CE76F8B15}.Release|Any CPU.Build.0 = Release|Any CPU
	EndGlobalSection
	GlobalSection(SolutionProperties) = preSolution
		HideSolutionNode = FALSE
	EndGlobalSection
	GlobalSection(ExtensibilityGlobals) = postSolution
		SolutionGuid = {3E3FB5A4-EDFB-490E-9C3E-7AEE67F1598F}
	EndGlobalSection
EndGlobal
